// !$*UTF8*$!
{
	archiveVersion = 1;
	classes = {
	};
	objectVersion = 46;
	objects = {

/* Begin PBXBuildFile section */
		CEA4D70C1CCBD77B002E8008 /* RCTUmengPush.h in CopyFiles */ = {isa = PBXBuildFile; fileRef = CEA4D70B1CCBD77B002E8008 /* RCTUmengPush.h */; };
		CEA4D70E1CCBD77B002E8008 /* RCTUmengPush.m in Sources */ = {isa = PBXBuildFile; fileRef = CEA4D70D1CCBD77B002E8008 /* RCTUmengPush.m */; };
		CEA4D7171CCBD86E002E8008 /* libUMessage_Sdk_1.2.6.a in Frameworks */ = {isa = PBXBuildFile; fileRef = CEA4D7151CCBD86E002E8008 /* libUMessage_Sdk_1.2.6.a */; };
/* End PBXBuildFile section */

/* Begin PBXCopyFilesBuildPhase section */
		CEA4D7061CCBD77B002E8008 /* CopyFiles */ = {
			isa = PBXCopyFilesBuildPhase;
			buildActionMask = 2147483647;
			dstPath = "include/$(PRODUCT_NAME)";
			dstSubfolderSpec = 16;
			files = (
				CEA4D70C1CCBD77B002E8008 /* RCTUmengPush.h in CopyFiles */,
			);
			runOnlyForDeploymentPostprocessing = 0;
		};
/* End PBXCopyFilesBuildPhase section */

/* Begin PBXFileReference section */
		CEA4D7081CCBD77B002E8008 /* libRCTUmengPush.a */ = {isa = PBXFileReference; explicitFileType = archive.ar; includeInIndex = 0; path = libRCTUmengPush.a; sourceTree = BUILT_PRODUCTS_DIR; };
		CEA4D70B1CCBD77B002E8008 /* RCTUmengPush.h */ = {isa = PBXFileReference; lastKnownFileType = sourcecode.c.h; path = RCTUmengPush.h; sourceTree = "<group>"; };
		CEA4D70D1CCBD77B002E8008 /* RCTUmengPush.m */ = {isa = PBXFileReference; lastKnownFileType = sourcecode.c.objc; path = RCTUmengPush.m; sourceTree = "<group>"; };
		CEA4D7151CCBD86E002E8008 /* libUMessage_Sdk_1.2.6.a */ = {isa = PBXFileReference; lastKnownFileType = archive.ar; path = libUMessage_Sdk_1.2.6.a; sourceTree = "<group>"; };
		CEA4D7161CCBD86E002E8008 /* UMessage.h */ = {isa = PBXFileReference; fileEncoding = 4; lastKnownFileType = sourcecode.c.h; path = UMessage.h; sourceTree = "<group>"; };
/* End PBXFileReference section */

/* Begin PBXFrameworksBuildPhase section */
		CEA4D7051CCBD77B002E8008 /* Frameworks */ = {
			isa = PBXFrameworksBuildPhase;
			buildActionMask = 2147483647;
			files = (
				CEA4D7171CCBD86E002E8008 /* libUMessage_Sdk_1.2.6.a in Frameworks */,
			);
			runOnlyForDeploymentPostprocessing = 0;
		};
/* End PBXFrameworksBuildPhase section */

/* Begin PBXGroup section */
		CEA4D6FF1CCBD77B002E8008 = {
			isa = PBXGroup;
			children = (
				CEA4D7141CCBD86E002E8008 /* UMessage_Sdk_1.2.6 */,
				CEA4D70A1CCBD77B002E8008 /* RCTUmengPush */,
				CEA4D7091CCBD77B002E8008 /* Products */,
			);
			sourceTree = "<group>";
		};
		CEA4D7091CCBD77B002E8008 /* Products */ = {
			isa = PBXGroup;
			children = (
				CEA4D7081CCBD77B002E8008 /* libRCTUmengPush.a */,
			);
			name = Products;
			sourceTree = "<group>";
		};
		CEA4D70A1CCBD77B002E8008 /* RCTUmengPush */ = {
			isa = PBXGroup;
			children = (
				CEA4D70B1CCBD77B002E8008 /* RCTUmengPush.h */,
				CEA4D70D1CCBD77B002E8008 /* RCTUmengPush.m */,
			);
			path = RCTUmengPush;
			sourceTree = "<group>";
		};
		CEA4D7141CCBD86E002E8008 /* UMessage_Sdk_1.2.6 */ = {
			isa = PBXGroup;
			children = (
				CEA4D7151CCBD86E002E8008 /* libUMessage_Sdk_1.2.6.a */,
				CEA4D7161CCBD86E002E8008 /* UMessage.h */,
			);
			path = UMessage_Sdk_1.2.6;
			sourceTree = "<group>";
		};
/* End PBXGroup section */

/* Begin PBXNativeTarget section */
		CEA4D7071CCBD77B002E8008 /* RCTUmengPush */ = {
			isa = PBXNativeTarget;
			buildConfigurationList = CEA4D7111CCBD77B002E8008 /* Build configuration list for PBXNativeTarget "RCTUmengPush" */;
			buildPhases = (
				CEA4D7041CCBD77B002E8008 /* Sources */,
				CEA4D7051CCBD77B002E8008 /* Frameworks */,
				CEA4D7061CCBD77B002E8008 /* CopyFiles */,
			);
			buildRules = (
			);
			dependencies = (
			);
			name = RCTUmengPush;
			productName = RCTUmengPush;
			productReference = CEA4D7081CCBD77B002E8008 /* libRCTUmengPush.a */;
			productType = "com.apple.product-type.library.static";
		};
/* End PBXNativeTarget section */

/* Begin PBXProject section */
		CEA4D7001CCBD77B002E8008 /* Project object */ = {
			isa = PBXProject;
			attributes = {
				LastUpgradeCheck = 0730;
				ORGANIZATIONNAME = "react-native-umeng-push";
				TargetAttributes = {
					CEA4D7071CCBD77B002E8008 = {
						CreatedOnToolsVersion = 7.3;
					};
				};
			};
			buildConfigurationList = CEA4D7031CCBD77B002E8008 /* Build configuration list for PBXProject "RCTUmengPush" */;
			compatibilityVersion = "Xcode 3.2";
			developmentRegion = English;
			hasScannedForEncodings = 0;
			knownRegions = (
				en,
			);
			mainGroup = CEA4D6FF1CCBD77B002E8008;
			productRefGroup = CEA4D7091CCBD77B002E8008 /* Products */;
			projectDirPath = "";
			projectRoot = "";
			targets = (
				CEA4D7071CCBD77B002E8008 /* RCTUmengPush */,
			);
		};
/* End PBXProject section */

/* Begin PBXSourcesBuildPhase section */
		CEA4D7041CCBD77B002E8008 /* Sources */ = {
			isa = PBXSourcesBuildPhase;
			buildActionMask = 2147483647;
			files = (
				CEA4D70E1CCBD77B002E8008 /* RCTUmengPush.m in Sources */,
			);
			runOnlyForDeploymentPostprocessing = 0;
		};
/* End PBXSourcesBuildPhase section */

/* Begin XCBuildConfiguration section */
		CEA4D70F1CCBD77B002E8008 /* Debug */ = {
			isa = XCBuildConfiguration;
			buildSettings = {
				ALWAYS_SEARCH_USER_PATHS = NO;
				CLANG_ANALYZER_NONNULL = YES;
				CLANG_CXX_LANGUAGE_STANDARD = "gnu++0x";
				CLANG_CXX_LIBRARY = "libc++";
				CLANG_ENABLE_MODULES = YES;
				CLANG_ENABLE_OBJC_ARC = YES;
				CLANG_WARN_BOOL_CONVERSION = YES;
				CLANG_WARN_CONSTANT_CONVERSION = YES;
				CLANG_WARN_DIRECT_OBJC_ISA_USAGE = YES_ERROR;
				CLANG_WARN_EMPTY_BODY = YES;
				CLANG_WARN_ENUM_CONVERSION = YES;
				CLANG_WARN_INT_CONVERSION = YES;
				CLANG_WARN_OBJC_ROOT_CLASS = YES_ERROR;
				CLANG_WARN_UNREACHABLE_CODE = YES;
				CLANG_WARN__DUPLICATE_METHOD_MATCH = YES;
				"CODE_SIGN_IDENTITY[sdk=iphoneos*]" = "iPhone Developer";
				COPY_PHASE_STRIP = NO;
				DEBUG_INFORMATION_FORMAT = dwarf;
				ENABLE_STRICT_OBJC_MSGSEND = YES;
				ENABLE_TESTABILITY = YES;
				GCC_C_LANGUAGE_STANDARD = gnu99;
				GCC_DYNAMIC_NO_PIC = NO;
				GCC_NO_COMMON_BLOCKS = YES;
				GCC_OPTIMIZATION_LEVEL = 0;
				GCC_PREPROCESSOR_DEFINITIONS = (
					"DEBUG=1",
					"$(inherited)",
				);
				GCC_WARN_64_TO_32_BIT_CONVERSION = YES;
				GCC_WARN_ABOUT_RETURN_TYPE = YES_ERROR;
				GCC_WARN_UNDECLARED_SELECTOR = YES;
				GCC_WARN_UNINITIALIZED_AUTOS = YES_AGGRESSIVE;
				GCC_WARN_UNUSED_FUNCTION = YES;
				GCC_WARN_UNUSED_VARIABLE = YES;
				IPHONEOS_DEPLOYMENT_TARGET = 9.3;
				MTL_ENABLE_DEBUG_INFO = YES;
				ONLY_ACTIVE_ARCH = YES;
				SDKROOT = iphoneos;
			};
			name = Debug;
		};
		CEA4D7101CCBD77B002E8008 /* Release */ = {
			isa = XCBuildConfiguration;
			buildSettings = {
				ALWAYS_SEARCH_USER_PATHS = NO;
				CLANG_ANALYZER_NONNULL = YES;
				CLANG_CXX_LANGUAGE_STANDARD = "gnu++0x";
				CLANG_CXX_LIBRARY = "libc++";
				CLANG_ENABLE_MODULES = YES;
				CLANG_ENABLE_OBJC_ARC = YES;
				CLANG_WARN_BOOL_CONVERSION = YES;
				CLANG_WARN_CONSTANT_CONVERSION = YES;
				CLANG_WARN_DIRECT_OBJC_ISA_USAGE = YES_ERROR;
				CLANG_WARN_EMPTY_BODY = YES;
				CLANG_WARN_ENUM_CONVERSION = YES;
				CLANG_WARN_INT_CONVERSION = YES;
				CLANG_WARN_OBJC_ROOT_CLASS = YES_ERROR;
				CLANG_WARN_UNREACHABLE_CODE = YES;
				CLANG_WARN__DUPLICATE_METHOD_MATCH = YES;
				"CODE_SIGN_IDENTITY[sdk=iphoneos*]" = "iPhone Developer";
				COPY_PHASE_STRIP = NO;
				DEBUG_INFORMATION_FORMAT = "dwarf-with-dsym";
				ENABLE_NS_ASSERTIONS = NO;
				ENABLE_STRICT_OBJC_MSGSEND = YES;
				GCC_C_LANGUAGE_STANDARD = gnu99;
				GCC_NO_COMMON_BLOCKS = YES;
				GCC_WARN_64_TO_32_BIT_CONVERSION = YES;
				GCC_WARN_ABOUT_RETURN_TYPE = YES_ERROR;
				GCC_WARN_UNDECLARED_SELECTOR = YES;
				GCC_WARN_UNINITIALIZED_AUTOS = YES_AGGRESSIVE;
				GCC_WARN_UNUSED_FUNCTION = YES;
				GCC_WARN_UNUSED_VARIABLE = YES;
				IPHONEOS_DEPLOYMENT_TARGET = 9.3;
				MTL_ENABLE_DEBUG_INFO = NO;
				SDKROOT = iphoneos;
				VALIDATE_PRODUCT = YES;
			};
			name = Release;
		};
		CEA4D7121CCBD77B002E8008 /* Debug */ = {
			isa = XCBuildConfiguration;
			buildSettings = {
				LIBRARY_SEARCH_PATHS = (
					"$(inherited)",
					"$(PROJECT_DIR)/UMessage_Sdk_1.2.6",
				);
				OTHER_LDFLAGS = "-ObjC";
				PRODUCT_NAME = "$(TARGET_NAME)";
				SKIP_INSTALL = YES;
			};
			name = Debug;
		};
		CEA4D7131CCBD77B002E8008 /* Release */ = {
			isa = XCBuildConfiguration;
			buildSettings = {
				LIBRARY_SEARCH_PATHS = (
					"$(inherited)",
					"$(PROJECT_DIR)/UMessage_Sdk_1.2.6",
				);
				OTHER_LDFLAGS = "-ObjC";
				PRODUCT_NAME = "$(TARGET_NAME)";
				SKIP_INSTALL = YES;
			};
			name = Release;
		};
/* End XCBuildConfiguration section */

/* Begin XCConfigurationList section */
		CEA4D7031CCBD77B002E8008 /* Build configuration list for PBXProject "RCTUmengPush" */ = {
			isa = XCConfigurationList;
			buildConfigurations = (
				CEA4D70F1CCBD77B002E8008 /* Debug */,
				CEA4D7101CCBD77B002E8008 /* Release */,
			);
			defaultConfigurationIsVisible = 0;
			defaultConfigurationName = Release;
		};
		CEA4D7111CCBD77B002E8008 /* Build configuration list for PBXNativeTarget "RCTUmengPush" */ = {
			isa = XCConfigurationList;
			buildConfigurations = (
				CEA4D7121CCBD77B002E8008 /* Debug */,
				CEA4D7131CCBD77B002E8008 /* Release */,
			);
			defaultConfigurationIsVisible = 0;
			defaultConfigurationName = Release;
		};
/* End XCConfigurationList section */
	};
	rootObject = CEA4D7001CCBD77B002E8008 /* Project object */;
}
